<?xml version="1.0" encoding="utf-8"?>
<Project ToolsVersion="4.0" xmlns="http://schemas.microsoft.com/developer/msbuild/2003">
  <ItemGroup>
    <Filter Include="Resource Files">
      <UniqueIdentifier>{67DA6AB6-F800-4c08-8B7A-83BB121AAD01}</UniqueIdentifier>
      <Extensions>rc;ico;cur;bmp;dlg;rc2;rct;bin;rgs;gif;jpg;jpeg;jpe;resx;tiff;tif;png;wav;mfcribbon-ms</Extensions>
    </Filter>
    <Filter Include="Core">
      <UniqueIdentifier>{b7e9251a-504b-40ba-90de-6ec373c0c67c}</UniqueIdentifier>
    </Filter>
    <Filter Include="Core\Math">
      <UniqueIdentifier>{8ae7146c-ff24-4bd3-aca2-f0ffc63c9e0d}</UniqueIdentifier>
    </Filter>
    <Filter Include="Display">
      <UniqueIdentifier>{8fe78639-34f9-45fb-840d-6d494b78e8de}</UniqueIdentifier>
    </Filter>
    <Filter Include="Display\DX12">
      <UniqueIdentifier>{7ca138b4-c0d9-41cf-b521-162f27d5b8b1}</UniqueIdentifier>
    </Filter>
    <Filter Include="Display\glfw">
      <UniqueIdentifier>{740ee8bb-59b9-4279-ac44-a9fc72b30879}</UniqueIdentifier>
    </Filter>
    <Filter Include="Display\Vulkan">
      <UniqueIdentifier>{c23bdd81-0f4b-4ad5-b113-7578fd800651}</UniqueIdentifier>
    </Filter>
    <Filter Include="Core\Containers">
      <UniqueIdentifier>{7b437735-10c5-47c0-a660-0f8c50ce2552}</UniqueIdentifier>
    </Filter>
  </ItemGroup>
  <ItemGroup>
    <ClInclude Include="Core\Math\matrix3x4f.h">
      <Filter>Core\Math</Filter>
    </ClInclude>
    <ClInclude Include="Core\Math\quaternion.h">
      <Filter>Core\Math</Filter>
    </ClInclude>
    <ClInclude Include="Core\debug.h">
      <Filter>Core</Filter>
    </ClInclude>
    <ClInclude Include="Core\core.h">
      <Filter>Core</Filter>
    </ClInclude>
    <ClInclude Include="application.h" />
    <ClInclude Include="pch.h" />
    <ClInclude Include="Core\basic_allocator.h">
      <Filter>Core</Filter>
    </ClInclude>
    <ClInclude Include="Core\singleton.h">
      <Filter>Core</Filter>
    </ClInclude>
    <ClInclude Include="Core\Math\vec.h">
      <Filter>Core\Math</Filter>
    </ClInclude>
    <ClInclude Include="Core\Math\vec_scalar.hpp">
      <Filter>Core\Math</Filter>
    </ClInclude>
    <ClInclude Include="Core\Math\vec_swizzle.h">
      <Filter>Core\Math</Filter>
    </ClInclude>
    <ClInclude Include="Display\windowing_service.h">
      <Filter>Display</Filter>
    </ClInclude>
    <ClInclude Include="Core\callback_set.h">
      <Filter>Core</Filter>
    </ClInclude>
    <ClInclude Include="Core\callback_set.hpp">
      <Filter>Core</Filter>
    </ClInclude>
    <ClInclude Include="Display\DX12\dx12_pch.h">
      <Filter>Display\DX12</Filter>
    </ClInclude>
    <ClInclude Include="Display\glfw\glfw_windowing_service.h">
      <Filter>Display\glfw</Filter>
    </ClInclude>
    <ClInclude Include="Display\DX12\dx12_render_device.h">
      <Filter>Display\DX12</Filter>
    </ClInclude>
    <ClInclude Include="Display\window.h">
      <Filter>Display</Filter>
    </ClInclude>
    <ClInclude Include="Display\glfw\glfw_window.h">
      <Filter>Display\glfw</Filter>
    </ClInclude>
    <ClInclude Include="application_config.h" />
    <ClInclude Include="Core\service_locator.hpp">
      <Filter>Core</Filter>
    </ClInclude>
    <ClInclude Include="Core\service_locator.h">
      <Filter>Core</Filter>
    </ClInclude>
    <ClInclude Include="Core\service.h">
      <Filter>Core</Filter>
    </ClInclude>
    <ClInclude Include="Display\render_device.h">
      <Filter>Display</Filter>
    </ClInclude>
    <ClInclude Include="Display\rendering_service.h">
      <Filter>Display</Filter>
    </ClInclude>
    <ClInclude Include="Display\DX12\dx12_rendering_service.h">
      <Filter>Display\DX12</Filter>
    </ClInclude>
    <ClInclude Include="Display\swap_chain.h">
      <Filter>Display</Filter>
    </ClInclude>
    <ClInclude Include="Display\DX12\dx12_swap_chain.h">
      <Filter>Display\DX12</Filter>
    </ClInclude>
    <ClInclude Include="Display\command_buffer.h">
      <Filter>Display</Filter>
    </ClInclude>
    <ClInclude Include="Display\DX12\dx12_command_buffer.h">
      <Filter>Display\DX12</Filter>
    </ClInclude>
    <ClInclude Include="Display\command_queue.h">
      <Filter>Display</Filter>
    </ClInclude>
    <ClInclude Include="Display\DX12\dx12_command_queue.h">
      <Filter>Display\DX12</Filter>
    </ClInclude>
    <ClInclude Include="Core\Containers\span.h">
      <Filter>Core\Containers</Filter>
    </ClInclude>
    <ClInclude Include="Core\Containers\span.hpp">
      <Filter>Core\Containers</Filter>
    </ClInclude>
    <ClInclude Include="Display\rendering_thread.h">
      <Filter>Display</Filter>
    </ClInclude>
  </ItemGroup>
  <ItemGroup>
    <ClCompile Include="Core\Math\matrix3x4f.cpp">
      <Filter>Core\Math</Filter>
    </ClCompile>
    <ClCompile Include="Core\Math\quaternion.hpp">
      <Filter>Core\Math</Filter>
    </ClCompile>
    <ClCompile Include="Core\debug.cpp">
      <Filter>Core</Filter>
    </ClCompile>
    <ClCompile Include="application.cpp" />
    <ClCompile Include="Core\basic_allocator.cpp">
      <Filter>Core</Filter>
    </ClCompile>
    <ClCompile Include="Display\glfw\glfw_windowing_service.cpp">
      <Filter>Display\glfw</Filter>
    </ClCompile>
    <ClCompile Include="Display\DX12\dx12_render_device.cpp">
      <Filter>Display\DX12</Filter>
    </ClCompile>
    <ClCompile Include="Display\window.cpp">
      <Filter>Display</Filter>
    </ClCompile>
    <ClCompile Include="Display\glfw\glfw_window.cpp">
      <Filter>Display\glfw</Filter>
    </ClCompile>
    <ClCompile Include="application_config.cpp" />
    <ClCompile Include="Display\render_device.cpp">
      <Filter>Display</Filter>
    </ClCompile>
    <ClCompile Include="Display\DX12\dx12_rendering_service.cpp">
      <Filter>Display\DX12</Filter>
    </ClCompile>
    <ClCompile Include="Display\rendering_service.cpp">
      <Filter>Display</Filter>
    </ClCompile>
    <ClCompile Include="Display\swap_chain.cpp">
      <Filter>Display</Filter>
    </ClCompile>
    <ClCompile Include="Display\DX12\dx12_swap_chain.cpp">
      <Filter>Display\DX12</Filter>
    </ClCompile>
    <ClCompile Include="Display\command_buffer.cpp">
      <Filter>Display</Filter>
    </ClCompile>
    <ClCompile Include="Display\DX12\dx12_command_buffer.cpp">
      <Filter>Display\DX12</Filter>
    </ClCompile>
    <ClCompile Include="Display\command_queue.cpp">
      <Filter>Display</Filter>
    </ClCompile>
    <ClCompile Include="Display\DX12\dx12_command_queue.cpp">
      <Filter>Display\DX12</Filter>
    </ClCompile>
  </ItemGroup>
</Project>